
Microsoft Visual Studio Solution File, Format Version 12.00
# Visual Studio Version 16
VisualStudioVersion = 16.0.31229.75
MinimumVisualStudioVersion = 10.0.40219.1
Project("{FAE04EC0-301F-11D3-BF4B-00C04F79EFBC}") = "co.Saludtotal.Infrastructure.Data", "co.Saludtotal.Infrastructure.Data\co.Saludtotal.Infrastructure.Data.csproj", "{4F054A16-9FCA-460E-9969-4E86079C5BF5}"
EndProject
Project("{FAE04EC0-301F-11D3-BF4B-00C04F79EFBC}") = "co.Saludtotal.Domain.Core", "co.Saludtotal.Domain.Core\co.Saludtotal.Domain.Core.csproj", "{7C2B056A-4B82-44AF-9370-98A5B3909B5C}"
EndProject
Project("{FAE04EC0-301F-11D3-BF4B-00C04F79EFBC}") = "co.Saludtotal.Domain.Entities", "co.Saludtotal.Domain.Entities\co.Saludtotal.Domain.Entities.csproj", "{DA54AE44-273E-4061-81A9-D82B1D27C3A4}"
EndProject
Project("{FAE04EC0-301F-11D3-BF4B-00C04F79EFBC}") = "co.Saludtotal.Aplication", "co.Saludtotal.Aplication\co.Saludtotal.Aplication.csproj", "{608C376B-C616-42D5-9011-55CB42FC531E}"
EndProject
Project("{FAE04EC0-301F-11D3-BF4B-00C04F79EFBC}") = "co.Saludtotal.UI.Mvc", "co.Saludtotal.UI.Mvc\co.Saludtotal.UI.Mvc.csproj", "{290707E3-BDAE-460A-AA2C-48065F3A5E38}"
EndProject
Global
	GlobalSection(SolutionConfigurationPlatforms) = preSolution
		Debug|Any CPU = Debug|Any CPU
		Release|Any CPU = Release|Any CPU
	EndGlobalSection
	GlobalSection(ProjectConfigurationPlatforms) = postSolution
		{4F054A16-9FCA-460E-9969-4E86079C5BF5}.Debug|Any CPU.ActiveCfg = Debug|Any CPU
		{4F054A16-9FCA-460E-9969-4E86079C5BF5}.Debug|Any CPU.Build.0 = Debug|Any CPU
		{4F054A16-9FCA-460E-9969-4E86079C5BF5}.Release|Any CPU.ActiveCfg = Release|Any CPU
		{4F054A16-9FCA-460E-9969-4E86079C5BF5}.Release|Any CPU.Build.0 = Release|Any CPU
		{7C2B056A-4B82-44AF-9370-98A5B3909B5C}.Debug|Any CPU.ActiveCfg = Debug|Any CPU
		{7C2B056A-4B82-44AF-9370-98A5B3909B5C}.Debug|Any CPU.Build.0 = Debug|Any CPU
		{7C2B056A-4B82-44AF-9370-98A5B3909B5C}.Release|Any CPU.ActiveCfg = Release|Any CPU
		{7C2B056A-4B82-44AF-9370-98A5B3909B5C}.Release|Any CPU.Build.0 = Release|Any CPU
		{DA54AE44-273E-4061-81A9-D82B1D27C3A4}.Debug|Any CPU.ActiveCfg = Debug|Any CPU
		{DA54AE44-273E-4061-81A9-D82B1D27C3A4}.Debug|Any CPU.Build.0 = Debug|Any CPU
		{DA54AE44-273E-4061-81A9-D82B1D27C3A4}.Release|Any CPU.ActiveCfg = Release|Any CPU
		{DA54AE44-273E-4061-81A9-D82B1D27C3A4}.Release|Any CPU.Build.0 = Release|Any CPU
		{608C376B-C616-42D5-9011-55CB42FC531E}.Debug|Any CPU.ActiveCfg = Debug|Any CPU
		{608C376B-C616-42D5-9011-55CB42FC531E}.Debug|Any CPU.Build.0 = Debug|Any CPU
		{608C376B-C616-42D5-9011-55CB42FC531E}.Release|Any CPU.ActiveCfg = Release|Any CPU
		{608C376B-C616-42D5-9011-55CB42FC531E}.Release|Any CPU.Build.0 = Release|Any CPU
		{290707E3-BDAE-460A-AA2C-48065F3A5E38}.Debug|Any CPU.ActiveCfg = Debug|Any CPU
		{290707E3-BDAE-460A-AA2C-48065F3A5E38}.Debug|Any CPU.Build.0 = Debug|Any CPU
		{290707E3-BDAE-460A-AA2C-48065F3A5E38}.Release|Any CPU.ActiveCfg = Release|Any CPU
		{290707E3-BDAE-460A-AA2C-48065F3A5E38}.Release|Any CPU.Build.0 = Release|Any CPU
	EndGlobalSection
	GlobalSection(SolutionProperties) = preSolution
		HideSolutionNode = FALSE
	EndGlobalSection
	GlobalSection(ExtensibilityGlobals) = postSolution
		SolutionGuid = {602863B7-87B2-425F-A087-FF909C50BD81}
	EndGlobalSection
EndGlobal
